
Microsoft Visual Studio Solution File, Format Version 12.00
# Visual Studio Version 16
VisualStudioVersion = 16.0.31410.357
MinimumVisualStudioVersion = 10.0.40219.1
Project("{FAE04EC0-301F-11D3-BF4B-00C04F79EFBC}") = "ecommerce", "ecommerce\ecommerce.csproj", "{FB4F6079-95BD-4D7F-9A71-AB437F6379D3}"
EndProject
Project("{FAE04EC0-301F-11D3-BF4B-00C04F79EFBC}") = "Model", "Model\Model.csproj", "{E29863CC-DB78-4A50-99BA-8EB8A4AE702D}"
EndProject
Global
	GlobalSection(SolutionConfigurationPlatforms) = preSolution
		Debug|Any CPU = Debug|Any CPU
		Release|Any CPU = Release|Any CPU
	EndGlobalSection
	GlobalSection(ProjectConfigurationPlatforms) = postSolution
		{FB4F6079-95BD-4D7F-9A71-AB437F6379D3}.Debug|Any CPU.ActiveCfg = Debug|Any CPU
		{FB4F6079-95BD-4D7F-9A71-AB437F6379D3}.Debug|Any CPU.Build.0 = Debug|Any CPU
		{FB4F6079-95BD-4D7F-9A71-AB437F6379D3}.Release|Any CPU.ActiveCfg = Release|Any CPU
		{FB4F6079-95BD-4D7F-9A71-AB437F6379D3}.Release|Any CPU.Build.0 = Release|Any CPU
		{E29863CC-DB78-4A50-99BA-8EB8A4AE702D}.Debug|Any CPU.ActiveCfg = Debug|Any CPU
		{E29863CC-DB78-4A50-99BA-8EB8A4AE702D}.Debug|Any CPU.Build.0 = Debug|Any CPU
		{E29863CC-DB78-4A50-99BA-8EB8A4AE702D}.Release|Any CPU.ActiveCfg = Release|Any CPU
		{E29863CC-DB78-4A50-99BA-8EB8A4AE702D}.Release|Any CPU.Build.0 = Release|Any CPU
	EndGlobalSection
	GlobalSection(SolutionProperties) = preSolution
		HideSolutionNode = FALSE
	EndGlobalSection
	GlobalSection(ExtensibilityGlobals) = postSolution
		SolutionGuid = {E1C30B4D-6D2F-4E23-AAF7-4ED777A415CE}
	EndGlobalSection
EndGlobal
